
Microsoft Visual Studio Solution File, Format Version 12.00
# Visual Studio Version 17
VisualStudioVersion = 17.13.35828.75
MinimumVisualStudioVersion = 10.0.40219.1
Project("{FAE04EC0-301F-11D3-BF4B-00C04F79EFBC}") = "WebLuanVan_ASP.NET_MVC", "WebLuanVan_ASP.NET_MVC\WebLuanVan_ASP.NET_MVC.csproj", "{3701E327-3E4C-4EB6-B07F-6E4FC99C9BA4}"
EndProject
Global
	GlobalSection(SolutionConfigurationPlatforms) = preSolution
		Debug|Any CPU = Debug|Any CPU
		Release|Any CPU = Release|Any CPU
	EndGlobalSection
	GlobalSection(ProjectConfigurationPlatforms) = postSolution
		{3701E327-3E4C-4EB6-B07F-6E4FC99C9BA4}.Debug|Any CPU.ActiveCfg = Debug|Any CPU
		{3701E327-3E4C-4EB6-B07F-6E4FC99C9BA4}.Debug|Any CPU.Build.0 = Debug|Any CPU
		{3701E327-3E4C-4EB6-B07F-6E4FC99C9BA4}.Release|Any CPU.ActiveCfg = Release|Any CPU
		{3701E327-3E4C-4EB6-B07F-6E4FC99C9BA4}.Release|Any CPU.Build.0 = Release|Any CPU
	EndGlobalSection
	GlobalSection(SolutionProperties) = preSolution
		HideSolutionNode = FALSE
	EndGlobalSection
	GlobalSection(ExtensibilityGlobals) = postSolution
		SolutionGuid = {D5653421-CDDB-4FC4-9B32-6941CDB58FCF}
	EndGlobalSection
EndGlobal
